{
  "name": "claude-plugins",
  "lockfileVersion": 3,
  "requires": true,
  "packages": {
    "": {
      "name": "claude-plugins",
      "workspaces": [
        "plugins/*"
      ],
      "devDependencies": {
        "@varlock/bumpy": "^1.18.1"
      }
    },
    "node_modules/@varlock/bumpy": {
      "version": "1.18.1",
      "resolved": "https://registry.npmjs.org/@varlock/bumpy/-/bumpy-1.18.1.tgz",
      "integrity": "sha512-u6PHUr+laAgWWm/c3wdExHBCcvYkkTb+KsiRNR9GCFIbCDrCN9CyOZO/crtRZ5u4KWMKtUTeA7U/s+AA0k7Dcg==",
      "dev": true,
      "license": "MIT",
      "bin": {
        "bumpy": "dist/cli.mjs"
      }
    },
    "node_modules/pr-kit": {
      "resolved": "plugins/pr-kit",
      "link": true
    },
    "node_modules/review-cycle": {
      "resolved": "plugins/review-cycle",
      "link": true
    },
    "plugins/pr-kit": {
      "version": "0.1.0"
    },
    "plugins/review-cycle": {
      "version": "0.11.0"
    }
  }
}
