lockfileVersion: '9.0'

settings:
  autoInstallPeers: true
  excludeLinksFromLockfile: false

importers:

  .:
    devDependencies:
      '@varlock/bumpy':
        specifier: ^1.18.1
        version: 1.18.1

  plugins/pr-kit: {}

  plugins/review-cycle: {}

packages:

  '@varlock/bumpy@1.18.1':
    resolution: {integrity: sha512-u6PHUr+laAgWWm/c3wdExHBCcvYkkTb+KsiRNR9GCFIbCDrCN9CyOZO/crtRZ5u4KWMKtUTeA7U/s+AA0k7Dcg==}
    hasBin: true

snapshots:

  '@varlock/bumpy@1.18.1': {}
